{
  "requires": true,
  "lockfileVersion": 1,
  "dependencies": {
    "sweetalert2": {
      "version": "7.28.7",
      "resolved": "https://registry.npmjs.org/sweetalert2/-/sweetalert2-7.28.7.tgz",
      "integrity": "sha512-gl+/201OeRJbGbor7GBM5pP6f8VUkAM1qxusNCQ9VmTMFtFHVUUntPctcNbGWh2r0vlsexO40u7ry5KIvQ5IGA=="
    }
  }
}
